
Microsoft Visual Studio Solution File, Format Version 12.00
# Visual Studio Version 16
VisualStudioVersion = 16.0.31702.278
MinimumVisualStudioVersion = 10.0.40219.1
Project("{9A19103F-16F7-4668-BE54-9A1E7A4F7556}") = "projet_test", "projet_test\projet_test.csproj", "{1977AE0F-7DA9-4B38-BD4B-C9839BBDDA11}"
EndProject
Project("{9A19103F-16F7-4668-BE54-9A1E7A4F7556}") = "UnitTestAnogramme", "projettest\UnitTestAnogramme.csproj", "{1AA4B08C-43D5-4644-8CC1-D511F151BED3}"
EndProject
Global
	GlobalSection(SolutionConfigurationPlatforms) = preSolution
		Debug|Any CPU = Debug|Any CPU
		Release|Any CPU = Release|Any CPU
	EndGlobalSection
	GlobalSection(ProjectConfigurationPlatforms) = postSolution
		{1977AE0F-7DA9-4B38-BD4B-C9839BBDDA11}.Debug|Any CPU.ActiveCfg = Debug|Any CPU
		{1977AE0F-7DA9-4B38-BD4B-C9839BBDDA11}.Debug|Any CPU.Build.0 = Debug|Any CPU
		{1977AE0F-7DA9-4B38-BD4B-C9839BBDDA11}.Release|Any CPU.ActiveCfg = Release|Any CPU
		{1977AE0F-7DA9-4B38-BD4B-C9839BBDDA11}.Release|Any CPU.Build.0 = Release|Any CPU
		{1AA4B08C-43D5-4644-8CC1-D511F151BED3}.Debug|Any CPU.ActiveCfg = Debug|Any CPU
		{1AA4B08C-43D5-4644-8CC1-D511F151BED3}.Debug|Any CPU.Build.0 = Debug|Any CPU
		{1AA4B08C-43D5-4644-8CC1-D511F151BED3}.Release|Any CPU.ActiveCfg = Release|Any CPU
		{1AA4B08C-43D5-4644-8CC1-D511F151BED3}.Release|Any CPU.Build.0 = Release|Any CPU
	EndGlobalSection
	GlobalSection(SolutionProperties) = preSolution
		HideSolutionNode = FALSE
	EndGlobalSection
	GlobalSection(ExtensibilityGlobals) = postSolution
		SolutionGuid = {48F0E4F1-D5CE-4DCB-A3DC-B77FB12E8F82}
	EndGlobalSection
EndGlobal
